<Solution>
  <Folder Name="/Aspire/">
    <Project Path="Template.MobileServer.AppHost/Template.MobileServer.AppHost.csproj" DefaultStartup="true" />
  </Folder>
  <Folder Name="/Application/">
    <Project Path="Template.MobileServer.Core/Template.MobileServer.Core.csproj" />
    <Project Path="Template.MobileServer.Web/Template.MobileServer.Web.csproj" />
  </Folder>
  <Folder Name="/Client/">
    <Project Path="Template.MobileServer.ChatClient/Template.MobileServer.ChatClient.csproj" />
  </Folder>
  <Folder Name="/Test/">
    <Project Path="Template.MobileServer.UnitTests/Template.MobileServer.UnitTests.csproj" />
  </Folder>
  <Folder Name="/Solution Items/">
    <File Path=".editorconfig" />
    <File Path=".gitattributes" />
    <File Path=".gitignore" />
    <File Path="AGENTS.md" />
    <File Path="Analyzers.ruleset" />
    <File Path="CodeCoverage.runsettings" />
    <File Path="Database.sql" />
    <File Path="Database.Sample.sql" />
    <File Path="Directory.Build.props" />
    <File Path="Directory.Build.targets" />
    <File Path="LICENSE" />
    <File Path="README.md" />
    <File Path="Template.MobileServer.sln.DotSettings" />
  </Folder>
</Solution>
